{
  "name": "sieditor",
  "version": "1.0.0",
  "lockfileVersion": 1,
  "requires": true,
  "dependencies": {
    "bss": {
      "version": "1.6.4",
      "resolved": "https://registry.npmjs.org/bss/-/bss-1.6.4.tgz",
      "integrity": "sha512-+inXOlHY3Ln9+Zmxa4rHJVB32wbsceVeJhW9NuPs7vqprPEoMUdZNFZeNUxNFd+DSqsckDRcd50/lMZlgpK+uw=="
    },
    "mithril": {
      "version": "2.0.4",
      "resolved": "https://registry.npmjs.org/mithril/-/mithril-2.0.4.tgz",
      "integrity": "sha512-mgw+DMZlhMS4PpprF6dl7ZoeZq5GGcAuWnrg5e12MvaGauc4jzWsDZtVGRCktsiQczOEUr2K5teKbE5k44RlOg=="
    },
    "umbrellajs": {
      "version": "3.1.0",
      "resolved": "https://registry.npmjs.org/umbrellajs/-/umbrellajs-3.1.0.tgz",
      "integrity": "sha512-3qichMg1Q6EetLweBAT0L55O2W6CJe9qyiSt1RBnf+bcOqwJ4R7e2PDcoIUrCsg+uRo3DXOvurWdklBu0ia7fg=="
    }
  }
}
